
Microsoft Visual Studio Solution File, Format Version 12.00
# Visual Studio Version 16
VisualStudioVersion = 16.0.31410.357
MinimumVisualStudioVersion = 10.0.40219.1
Project("{9A19103F-16F7-4668-BE54-9A1E7A4F7556}") = "FiguresLibrary", "FiguresLibrary\FiguresLibrary.csproj", "{ECC48E98-3925-4007-BFB7-25B56497BFB6}"
EndProject
Project("{FAE04EC0-301F-11D3-BF4B-00C04F79EFBC}") = "TestsApp", "TestsApp\TestsApp.csproj", "{9C726850-9950-4371-A91E-3EBA3A31606A}"
EndProject
Global
	GlobalSection(SolutionConfigurationPlatforms) = preSolution
		Debug|Any CPU = Debug|Any CPU
		Release|Any CPU = Release|Any CPU
	EndGlobalSection
	GlobalSection(ProjectConfigurationPlatforms) = postSolution
		{ECC48E98-3925-4007-BFB7-25B56497BFB6}.Debug|Any CPU.ActiveCfg = Debug|Any CPU
		{ECC48E98-3925-4007-BFB7-25B56497BFB6}.Debug|Any CPU.Build.0 = Debug|Any CPU
		{ECC48E98-3925-4007-BFB7-25B56497BFB6}.Release|Any CPU.ActiveCfg = Release|Any CPU
		{ECC48E98-3925-4007-BFB7-25B56497BFB6}.Release|Any CPU.Build.0 = Release|Any CPU
		{9C726850-9950-4371-A91E-3EBA3A31606A}.Debug|Any CPU.ActiveCfg = Debug|Any CPU
		{9C726850-9950-4371-A91E-3EBA3A31606A}.Debug|Any CPU.Build.0 = Debug|Any CPU
		{9C726850-9950-4371-A91E-3EBA3A31606A}.Release|Any CPU.ActiveCfg = Release|Any CPU
		{9C726850-9950-4371-A91E-3EBA3A31606A}.Release|Any CPU.Build.0 = Release|Any CPU
	EndGlobalSection
	GlobalSection(SolutionProperties) = preSolution
		HideSolutionNode = FALSE
	EndGlobalSection
	GlobalSection(ExtensibilityGlobals) = postSolution
		SolutionGuid = {8387CFDC-5900-42D4-85D6-068A232100DA}
	EndGlobalSection
EndGlobal
